lockfileVersion: '9.0'

settings:
  autoInstallPeers: true
  excludeLinksFromLockfile: false

importers:

  .:
    devDependencies:
      '@types/bun':
        specifier: 1.2.10
        version: 1.2.10
      '@types/node':
        specifier: 22.14.1
        version: 22.14.1
      esmc:
        specifier: ^0.18.3
        version: 0.18.3
      typescript:
        specifier: ^5.8.3
        version: 5.8.3

packages:

  '@nodelib/fs.scandir@2.1.5':
    resolution: {integrity: sha512-vq24Bq3ym5HEQm2NKCr3yXDwjc7vTsEThRDnkp2DK9p1uqLR+DHurm/NOTo0KG7HYHU7eppKZj3MyqYuMBf62g==}
    engines: {node: '>= 8'}

  '@nodelib/fs.stat@2.0.5':
    resolution: {integrity: sha512-RkhPPp2zrqDAQA/2jNhnztcPAlv64XdhIp7a7454A5ovI7Bukxgt7MX7udwAu3zg1DcpPU0rz3VV1SeaqvY4+A==}
    engines: {node: '>= 8'}

  '@nodelib/fs.walk@1.2.8':
    resolution: {integrity: sha512-oGB+UxlgWcgQkgwo8GcEGwemoTFt3FIO9ababBmaGwXIoBKZ+GTy0pP185beGg7Llih/NSHSV2XAs1lnznocSg==}
    engines: {node: '>= 8'}

  '@oxc-transform/binding-darwin-arm64@0.30.0':
    resolution: {integrity: sha512-wwW2PGrF8Xhtrp5mvwduccdSUlgyKeQm/7lV7A03qLUW+AVnhwJNU8zk8GhnpvdEKj50OjLFaneFdbX3vckQVg==}
    cpu: [arm64]
    os: [darwin]

  '@oxc-transform/binding-darwin-x64@0.30.0':
    resolution: {integrity: sha512-Rag/DYdOez2YwqeIeAj+gR07aEZ8aJ88EcatH3b34+uqxv+aUyEl9URJzmqfj7ecoWxpTUG1i8MnhijVL9YjVw==}
    cpu: [x64]
    os: [darwin]

  '@oxc-transform/binding-linux-arm64-gnu@0.30.0':
    resolution: {integrity: sha512-mPk2/2mb/SYpb1gDxHwz9l+ZJEw3WxGFs4C6qKBlCR2JligTLDubCbZHx8tuUPcSEQypmhk9adDlINE+Pm++WQ==}
    cpu: [arm64]
    os: [linux]

  '@oxc-transform/binding-linux-arm64-musl@0.30.0':
    resolution: {integrity: sha512-LZ+6VCMyCYTkviUpgHOJyc04+aCogw73afRzmn4Xem8mZSFzWAu02xI9qXL8DbJTnWY4OIRN2d6hEoc/ZS289A==}
    cpu: [arm64]
    os: [linux]

  '@oxc-transform/binding-linux-x64-gnu@0.30.0':
    resolution: {integrity: sha512-LhhIrSfopnP856WF/fICjPRLJRV+vRa8/u/ZY/AoIn8J+WWmyog4tkDnjRsmHkcaQIZE/aSQluOivBFeeejYoQ==}
    cpu: [x64]
    os: [linux]

  '@oxc-transform/binding-linux-x64-musl@0.30.0':
    resolution: {integrity: sha512-0np0ctlIbb8VnvbUBspk3/FXVyhMaclNuP7KeNjHFc46N1wmWPeSGf8iLMXOmHYY94dMb6eVM7LLZNy5CR4/Sw==}
    cpu: [x64]
    os: [linux]

  '@oxc-transform/binding-win32-arm64-msvc@0.30.0':
    resolution: {integrity: sha512-D29pU5NrkUyxPLj1hQkdM4+i2QRRrWzKYQGO3MZwf/hQYqrt28PgWUeYi45j4DQPQNdmivI2i29dysq9uXaXNg==}
    cpu: [arm64]
    os: [win32]

  '@oxc-transform/binding-win32-x64-msvc@0.30.0':
    resolution: {integrity: sha512-clLRwyTrYvXqGVKa/jIH4y3sfKxhdj0xnSW3z4z1muc131/GRsFY+OYTdflVi4ULk51HBLtkYRQ73Fjy+CBegw==}
    cpu: [x64]
    os: [win32]

  '@types/bun@1.2.10':
    resolution: {integrity: sha512-eilv6WFM3M0c9ztJt7/g80BDusK98z/FrFwseZgT4bXCq2vPhXD4z8R3oddmAn+R/Nmz9vBn4kweJKmGTZj+lg==}

  '@types/node@22.14.1':
    resolution: {integrity: sha512-u0HuPQwe/dHrItgHHpmw3N2fYCR6x4ivMNbPHRkBVP4CvN+kiRrKHWk3i8tXiO/joPwXLMYvF9TTF0eqgHIuOw==}

  braces@3.0.3:
    resolution: {integrity: sha512-yQbXgO/OSZVD2IsiLlro+7Hf6Q18EJrKSEsdoMzKePKXct3gvD8oLcOQdIzGupr5Fj+EDe8gO/lxc1BzfMpxvA==}
    engines: {node: '>=8'}

  bun-types@1.2.10:
    resolution: {integrity: sha512-b5ITZMnVdf3m1gMvJHG+gIfeJHiQPJak0f7925Hxu6ZN5VKA8AGy4GZ4lM+Xkn6jtWxg5S3ldWvfmXdvnkp3GQ==}

  cac@6.7.14:
    resolution: {integrity: sha512-b6Ilus+c3RrdDk+JhLKUAQfzzgLEPy6wcXqS7f/xe1EETvsDP6GORG7SFuOs6cID5YkqchW/LXZbX5bc8j7ZcQ==}
    engines: {node: '>=8'}

  esmc@0.18.3:
    resolution: {integrity: sha512-KrOi/+VaEt8dScA+sEVDOnbFRx3wrKDQV3dSinK85obMQwJZ9+xV240Txtr03LsWlrGCWOvqlPO/8BiAa6TWQA==}
    engines: {node: '>=18'}
    hasBin: true

  fast-glob@3.3.3:
    resolution: {integrity: sha512-7MptL8U0cqcFdzIzwOTHoilX9x5BrNqye7Z/LuC7kCMRio1EMSyqRK3BEAUD7sXRq4iT4AzTVuZdhgQ2TCvYLg==}
    engines: {node: '>=8.6.0'}

  fastq@1.19.1:
    resolution: {integrity: sha512-GwLTyxkCXjXbxqIhTsMI2Nui8huMPtnxg7krajPJAjnEG/iiOS7i+zCtWGZR9G0NBKbXKh6X9m9UIsYX/N6vvQ==}

  fill-range@7.1.1:
    resolution: {integrity: sha512-YsGpe3WHLK8ZYi4tWDg2Jy3ebRz2rXowDxnld4bkQB00cc/1Zw9AWnC0i9ztDJitivtQvaI9KaLyKrc+hBW0yg==}
    engines: {node: '>=8'}

  glob-parent@5.1.2:
    resolution: {integrity: sha512-AOIgSQCepiJYwP3ARnGx+5VnTu2HBYdzbGP45eLw1vr3zB3vZLeyed1sC9hnbcOc9/SrMyM5RPQrkGz4aS9Zow==}
    engines: {node: '>= 6'}

  is-extglob@2.1.1:
    resolution: {integrity: sha512-SbKbANkN603Vi4jEZv49LeVJMn4yGwsbzZworEoyEiutsN3nJYdbO36zfhGJ6QEDpOZIFkDtnq5JRxmvl3jsoQ==}
    engines: {node: '>=0.10.0'}

  is-glob@4.0.3:
    resolution: {integrity: sha512-xelSayHH36ZgE7ZWhli7pW34hNbNl8Ojv5KVmkJD4hBdD3th8Tfk9vYasLM+mXWOZhFkgZfxhLSnrwRr4elSSg==}
    engines: {node: '>=0.10.0'}

  is-number@7.0.0:
    resolution: {integrity: sha512-41Cifkg6e8TylSpdtTpeLVMqvSBEVzTttHvERD741+pnZ8ANv0004MRL43QKPDlK9cGvNp6NZWZUBlbGXYxxng==}
    engines: {node: '>=0.12.0'}

  merge2@1.4.1:
    resolution: {integrity: sha512-8q7VEgMJW4J8tcfVPy8g09NcQwZdbwFEqhe/WZkoIzjn/3TGDwtOCYtXGxA3O8tPzpczCCDgv+P2P5y00ZJOOg==}
    engines: {node: '>= 8'}

  micromatch@4.0.8:
    resolution: {integrity: sha512-PXwfBhYu0hBCPw8Dn0E+WDYb7af3dSLVWKi3HGv84IdF4TyFoC0ysxFd0Goxw7nSv4T/PzEJQxsYsEiFCKo2BA==}
    engines: {node: '>=8.6'}

  oxc-transform@0.30.0:
    resolution: {integrity: sha512-WWAwbAHoqzkz1+qKi7oZthd1c9fZiUvaQJofZ8Art3/9BGzZ5jtDcPZTphBij4GLwOA32UI44ZUfLuYTxMYY/A==}

  picomatch@2.3.1:
    resolution: {integrity: sha512-JU3teHTNjmE2VCGFzuY8EXzCDVwEqB2a8fsIvwaStHhAWJEeVd1o1QD80CU6+ZdEXXSLbSsuLwJjkCBWqRQUVA==}
    engines: {node: '>=8.6'}

  queue-microtask@1.2.3:
    resolution: {integrity: sha512-NuaNSa6flKT5JaSYQzJok04JzTL1CA6aGhv5rfLW3PgqA+M2ChpZQnAC8h8i4ZFkBS8X5RqkDBHA7r4hej3K9A==}

  reusify@1.1.0:
    resolution: {integrity: sha512-g6QUff04oZpHs0eG5p83rFLhHeV00ug/Yf9nZM6fLeUrPguBTkTQOdpAWWspMh55TZfVQDPaN3NQJfbVRAxdIw==}
    engines: {iojs: '>=1.0.0', node: '>=0.10.0'}

  run-parallel@1.2.0:
    resolution: {integrity: sha512-5l4VyZR86LZ/lDxZTR6jqL8AFE2S0IFLMP26AbjsLVADxHdhB/c0GUsH+y39UfCi3dzz8OlQuPmnaJOMoDHQBA==}

  to-regex-range@5.0.1:
    resolution: {integrity: sha512-65P7iz6X5yEr1cwcgvQxbbIw7Uk3gOy5dIdtZ4rDveLqhrdJP+Li/Hx6tyK0NEb+2GCyneCMJiGqrADCSNk8sQ==}
    engines: {node: '>=8.0'}

  typescript@5.8.3:
    resolution: {integrity: sha512-p1diW6TqL9L07nNxvRMM7hMMw4c5XOo/1ibL4aAIGmSAt9slTE1Xgw5KWuof2uTOvCg9BY7ZRi+GaF+7sfgPeQ==}
    engines: {node: '>=14.17'}
    hasBin: true

  undici-types@6.21.0:
    resolution: {integrity: sha512-iwDZqg0QAGrg9Rav5H4n0M64c3mkR59cJ6wQp+7C4nI0gsmExaedaYLNO44eT4AtBBwjbTiGPMlt2Md0T9H9JQ==}

snapshots:

  '@nodelib/fs.scandir@2.1.5':
    dependencies:
      '@nodelib/fs.stat': 2.0.5
      run-parallel: 1.2.0

  '@nodelib/fs.stat@2.0.5': {}

  '@nodelib/fs.walk@1.2.8':
    dependencies:
      '@nodelib/fs.scandir': 2.1.5
      fastq: 1.19.1

  '@oxc-transform/binding-darwin-arm64@0.30.0':
    optional: true

  '@oxc-transform/binding-darwin-x64@0.30.0':
    optional: true

  '@oxc-transform/binding-linux-arm64-gnu@0.30.0':
    optional: true

  '@oxc-transform/binding-linux-arm64-musl@0.30.0':
    optional: true

  '@oxc-transform/binding-linux-x64-gnu@0.30.0':
    optional: true

  '@oxc-transform/binding-linux-x64-musl@0.30.0':
    optional: true

  '@oxc-transform/binding-win32-arm64-msvc@0.30.0':
    optional: true

  '@oxc-transform/binding-win32-x64-msvc@0.30.0':
    optional: true

  '@types/bun@1.2.10':
    dependencies:
      bun-types: 1.2.10

  '@types/node@22.14.1':
    dependencies:
      undici-types: 6.21.0

  braces@3.0.3:
    dependencies:
      fill-range: 7.1.1

  bun-types@1.2.10:
    dependencies:
      '@types/node': 22.14.1

  cac@6.7.14: {}

  esmc@0.18.3:
    dependencies:
      cac: 6.7.14
      fast-glob: 3.3.3
      oxc-transform: 0.30.0

  fast-glob@3.3.3:
    dependencies:
      '@nodelib/fs.stat': 2.0.5
      '@nodelib/fs.walk': 1.2.8
      glob-parent: 5.1.2
      merge2: 1.4.1
      micromatch: 4.0.8

  fastq@1.19.1:
    dependencies:
      reusify: 1.1.0

  fill-range@7.1.1:
    dependencies:
      to-regex-range: 5.0.1

  glob-parent@5.1.2:
    dependencies:
      is-glob: 4.0.3

  is-extglob@2.1.1: {}

  is-glob@4.0.3:
    dependencies:
      is-extglob: 2.1.1

  is-number@7.0.0: {}

  merge2@1.4.1: {}

  micromatch@4.0.8:
    dependencies:
      braces: 3.0.3
      picomatch: 2.3.1

  oxc-transform@0.30.0:
    optionalDependencies:
      '@oxc-transform/binding-darwin-arm64': 0.30.0
      '@oxc-transform/binding-darwin-x64': 0.30.0
      '@oxc-transform/binding-linux-arm64-gnu': 0.30.0
      '@oxc-transform/binding-linux-arm64-musl': 0.30.0
      '@oxc-transform/binding-linux-x64-gnu': 0.30.0
      '@oxc-transform/binding-linux-x64-musl': 0.30.0
      '@oxc-transform/binding-win32-arm64-msvc': 0.30.0
      '@oxc-transform/binding-win32-x64-msvc': 0.30.0

  picomatch@2.3.1: {}

  queue-microtask@1.2.3: {}

  reusify@1.1.0: {}

  run-parallel@1.2.0:
    dependencies:
      queue-microtask: 1.2.3

  to-regex-range@5.0.1:
    dependencies:
      is-number: 7.0.0

  typescript@5.8.3: {}

  undici-types@6.21.0: {}
